
Microsoft Visual Studio Solution File, Format Version 12.00
# Visual Studio 15
VisualStudioVersion = 15.0.26730.3
MinimumVisualStudioVersion = 10.0.40219.1
Project("{FAE04EC0-301F-11D3-BF4B-00C04F79EFBC}") = "Object_Recognition_Test", "Object_Recognition_Test\Object_Recognition_Test.csproj", "{6D99FAA2-FF5E-46CF-AD65-BE59F8572305}"
EndProject
Global
	GlobalSection(SolutionConfigurationPlatforms) = preSolution
		Debug|Any CPU = Debug|Any CPU
		Release|Any CPU = Release|Any CPU
	EndGlobalSection
	GlobalSection(ProjectConfigurationPlatforms) = postSolution
		{6D99FAA2-FF5E-46CF-AD65-BE59F8572305}.Debug|Any CPU.ActiveCfg = Debug|Any CPU
		{6D99FAA2-FF5E-46CF-AD65-BE59F8572305}.Debug|Any CPU.Build.0 = Debug|Any CPU
		{6D99FAA2-FF5E-46CF-AD65-BE59F8572305}.Release|Any CPU.ActiveCfg = Release|Any CPU
		{6D99FAA2-FF5E-46CF-AD65-BE59F8572305}.Release|Any CPU.Build.0 = Release|Any CPU
	EndGlobalSection
	GlobalSection(SolutionProperties) = preSolution
		HideSolutionNode = FALSE
	EndGlobalSection
	GlobalSection(ExtensibilityGlobals) = postSolution
		SolutionGuid = {E357E3A6-2310-4E7D-AC77-05E222931348}
	EndGlobalSection
EndGlobal
